
Microsoft Visual Studio Solution File, Format Version 12.00
# Visual Studio Version 17
VisualStudioVersion = 17.4.33110.190
MinimumVisualStudioVersion = 10.0.40219.1
Project("{9A19103F-16F7-4668-BE54-9A1E7A4F7556}") = "WIE Dashboard NEW", "WIE Dashboard NEW.csproj", "{EB58D68B-2D89-4F02-B06A-6E0EC1C244B0}"
EndProject
Project("{2150E333-8FDC-42A3-9474-1A3956D46DE8}") = "Solution Items", "Solution Items", "{354A624A-5AED-4855-A5A8-F2DA425FF15B}"
	ProjectSection(SolutionItems) = preProject
		.editorconfig = .editorconfig
	EndProjectSection
EndProject
Global
	GlobalSection(SolutionConfigurationPlatforms) = preSolution
		Debug|Any CPU = Debug|Any CPU
		Release|Any CPU = Release|Any CPU
	EndGlobalSection
	GlobalSection(ProjectConfigurationPlatforms) = postSolution
		{EB58D68B-2D89-4F02-B06A-6E0EC1C244B0}.Debug|Any CPU.ActiveCfg = Debug|Any CPU
		{EB58D68B-2D89-4F02-B06A-6E0EC1C244B0}.Debug|Any CPU.Build.0 = Debug|Any CPU
		{EB58D68B-2D89-4F02-B06A-6E0EC1C244B0}.Release|Any CPU.ActiveCfg = Release|Any CPU
		{EB58D68B-2D89-4F02-B06A-6E0EC1C244B0}.Release|Any CPU.Build.0 = Release|Any CPU
	EndGlobalSection
	GlobalSection(SolutionProperties) = preSolution
		HideSolutionNode = FALSE
	EndGlobalSection
	GlobalSection(ExtensibilityGlobals) = postSolution
		SolutionGuid = {5ED65312-BE75-4564-87BA-9C9E7E0F2F1F}
	EndGlobalSection
EndGlobal
